
Microsoft Visual Studio Solution File, Format Version 12.00
# Visual Studio Version 17
VisualStudioVersion = 17.14.36401.2 d17.14
MinimumVisualStudioVersion = 10.0.40219.1
Project("{FAE04EC0-301F-11D3-BF4B-00C04F79EFBC}") = "Assesment", "Assesment\Assesment.csproj", "{A13DD74E-E2AC-42AC-BF73-49EC64C37324}"
EndProject
Global
	GlobalSection(SolutionConfigurationPlatforms) = preSolution
		Debug|Any CPU = Debug|Any CPU
		Release|Any CPU = Release|Any CPU
	EndGlobalSection
	GlobalSection(ProjectConfigurationPlatforms) = postSolution
		{A13DD74E-E2AC-42AC-BF73-49EC64C37324}.Debug|Any CPU.ActiveCfg = Debug|Any CPU
		{A13DD74E-E2AC-42AC-BF73-49EC64C37324}.Debug|Any CPU.Build.0 = Debug|Any CPU
		{A13DD74E-E2AC-42AC-BF73-49EC64C37324}.Release|Any CPU.ActiveCfg = Release|Any CPU
		{A13DD74E-E2AC-42AC-BF73-49EC64C37324}.Release|Any CPU.Build.0 = Release|Any CPU
	EndGlobalSection
	GlobalSection(SolutionProperties) = preSolution
		HideSolutionNode = FALSE
	EndGlobalSection
	GlobalSection(ExtensibilityGlobals) = postSolution
		SolutionGuid = {6B459B98-FE1B-4DF2-B5CE-3C1319F129BF}
	EndGlobalSection
EndGlobal
